PODS:
  - Alamofire (4.8.2)
  - RxSwift (5.1.1)

DEPENDENCIES:
  - Alamofire (~> 4.8.0)
  - RxSwift (~> 5.1.1)

SPEC REPOS:
  https://github.com/CocoaPods/Specs.git:
    - Alamofire
  trunk:
    - RxSwift

SPEC CHECKSUMS:
  Alamofire: ae5c501addb7afdbb13687d7f2f722c78734c2d3
  RxSwift: 81470a2074fa8780320ea5fe4102807cb7118178

PODFILE CHECKSUM: 306db8b21b065ed27426035b1c25a3708f06b821

COCOAPODS: 1.9.3
